
Microsoft Visual Studio Solution File, Format Version 12.00
# Visual Studio 15
VisualStudioVersion = 15.0.27004.2010
MinimumVisualStudioVersion = 10.0.40219.1
Project("{FAE04EC0-301F-11D3-BF4B-00C04F79EFBC}") = "MVCMovieCore2.0", "MVCMovieCore2.0\MVCMovieCore2.0.csproj", "{5AB952EF-1252-4E96-A4B9-41302495E17A}"
EndProject
Global
	GlobalSection(SolutionConfigurationPlatforms) = preSolution
		Debug|Any CPU = Debug|Any CPU
		Release|Any CPU = Release|Any CPU
	EndGlobalSection
	GlobalSection(ProjectConfigurationPlatforms) = postSolution
		{5AB952EF-1252-4E96-A4B9-41302495E17A}.Debug|Any CPU.ActiveCfg = Debug|Any CPU
		{5AB952EF-1252-4E96-A4B9-41302495E17A}.Debug|Any CPU.Build.0 = Debug|Any CPU
		{5AB952EF-1252-4E96-A4B9-41302495E17A}.Release|Any CPU.ActiveCfg = Release|Any CPU
		{5AB952EF-1252-4E96-A4B9-41302495E17A}.Release|Any CPU.Build.0 = Release|Any CPU
	EndGlobalSection
	GlobalSection(SolutionProperties) = preSolution
		HideSolutionNode = FALSE
	EndGlobalSection
	GlobalSection(ExtensibilityGlobals) = postSolution
		SolutionGuid = {E4CDBBF6-9C60-4573-9308-A18F4661E20D}
	EndGlobalSection
EndGlobal
